
Microsoft Visual Studio Solution File, Format Version 12.00
# Visual Studio 2012
Project("{FAE04EC0-301F-11D3-BF4B-00C04F79EFBC}") = "Stepquencer.iOS", "Stepquencer.iOS.csproj", "{1FB5F08B-42BB-455A-BE35-D747EC09AE77}"
EndProject
Global
	GlobalSection(SolutionConfigurationPlatforms) = preSolution
		Debug|iPhoneSimulator = Debug|iPhoneSimulator
		Release|iPhoneSimulator = Release|iPhoneSimulator
		Debug|iPhone = Debug|iPhone
		Release|iPhone = Release|iPhone
		Ad-Hoc|iPhone = Ad-Hoc|iPhone
		AppStore|iPhone = AppStore|iPhone
	EndGlobalSection
	GlobalSection(ProjectConfigurationPlatforms) = postSolution
		{1FB5F08B-42BB-455A-BE35-D747EC09AE77}.Debug|iPhoneSimulator.ActiveCfg = Debug|iPhoneSimulator
		{1FB5F08B-42BB-455A-BE35-D747EC09AE77}.Debug|iPhoneSimulator.Build.0 = Debug|iPhoneSimulator
		{1FB5F08B-42BB-455A-BE35-D747EC09AE77}.Release|iPhoneSimulator.ActiveCfg = Release|iPhoneSimulator
		{1FB5F08B-42BB-455A-BE35-D747EC09AE77}.Release|iPhoneSimulator.Build.0 = Release|iPhoneSimulator
		{1FB5F08B-42BB-455A-BE35-D747EC09AE77}.Debug|iPhone.ActiveCfg = Debug|iPhone
		{1FB5F08B-42BB-455A-BE35-D747EC09AE77}.Debug|iPhone.Build.0 = Debug|iPhone
		{1FB5F08B-42BB-455A-BE35-D747EC09AE77}.Release|iPhone.ActiveCfg = Release|iPhone
		{1FB5F08B-42BB-455A-BE35-D747EC09AE77}.Release|iPhone.Build.0 = Release|iPhone
		{1FB5F08B-42BB-455A-BE35-D747EC09AE77}.Ad-Hoc|iPhone.ActiveCfg = Ad-Hoc|iPhone
		{1FB5F08B-42BB-455A-BE35-D747EC09AE77}.Ad-Hoc|iPhone.Build.0 = Ad-Hoc|iPhone
		{1FB5F08B-42BB-455A-BE35-D747EC09AE77}.AppStore|iPhone.ActiveCfg = AppStore|iPhone
		{1FB5F08B-42BB-455A-BE35-D747EC09AE77}.AppStore|iPhone.Build.0 = AppStore|iPhone
	EndGlobalSection
EndGlobal
