
Microsoft Visual Studio Solution File, Format Version 12.00
# Visual Studio 2012
Project("{FAE04EC0-301F-11D3-BF4B-00C04F79EFBC}") = "Stepquencer.Droid", "Stepquencer.Droid.csproj", "{E09FEBF7-A565-406C-B63A-9CE4E0D455E4}"
EndProject
Global
	GlobalSection(SolutionConfigurationPlatforms) = preSolution
		Debug|Any CPU = Debug|Any CPU
		Release|Any CPU = Release|Any CPU
	EndGlobalSection
	GlobalSection(ProjectConfigurationPlatforms) = postSolution
		{E09FEBF7-A565-406C-B63A-9CE4E0D455E4}.Debug|Any CPU.ActiveCfg = Debug|Any CPU
		{E09FEBF7-A565-406C-B63A-9CE4E0D455E4}.Debug|Any CPU.Build.0 = Debug|Any CPU
		{E09FEBF7-A565-406C-B63A-9CE4E0D455E4}.Release|Any CPU.ActiveCfg = Release|Any CPU
		{E09FEBF7-A565-406C-B63A-9CE4E0D455E4}.Release|Any CPU.Build.0 = Release|Any CPU
	EndGlobalSection
EndGlobal
